
Microsoft Visual Studio Solution File, Format Version 12.00
# Visual Studio 15
VisualStudioVersion = 15.0.28307.572
MinimumVisualStudioVersion = 10.0.40219.1
Project("{FAE04EC0-301F-11D3-BF4B-00C04F79EFBC}") = "BinaryHelper", "BinaryHelper\BinaryHelper.csproj", "{A1BDC3B1-1F0D-4EDD-B9A9-F0E9914015DC}"
EndProject
Project("{FAE04EC0-301F-11D3-BF4B-00C04F79EFBC}") = "Tests", "Tests\Tests.csproj", "{EE27B58B-F3B5-46B8-993E-ED0C2898DE94}"
EndProject
Global
	GlobalSection(SolutionConfigurationPlatforms) = preSolution
		Debug|Any CPU = Debug|Any CPU
		Release|Any CPU = Release|Any CPU
	EndGlobalSection
	GlobalSection(ProjectConfigurationPlatforms) = postSolution
		{A1BDC3B1-1F0D-4EDD-B9A9-F0E9914015DC}.Debug|Any CPU.ActiveCfg = Debug|Any CPU
		{A1BDC3B1-1F0D-4EDD-B9A9-F0E9914015DC}.Debug|Any CPU.Build.0 = Debug|Any CPU
		{A1BDC3B1-1F0D-4EDD-B9A9-F0E9914015DC}.Release|Any CPU.ActiveCfg = Release|Any CPU
		{A1BDC3B1-1F0D-4EDD-B9A9-F0E9914015DC}.Release|Any CPU.Build.0 = Release|Any CPU
		{EE27B58B-F3B5-46B8-993E-ED0C2898DE94}.Debug|Any CPU.ActiveCfg = Debug|Any CPU
		{EE27B58B-F3B5-46B8-993E-ED0C2898DE94}.Debug|Any CPU.Build.0 = Debug|Any CPU
		{EE27B58B-F3B5-46B8-993E-ED0C2898DE94}.Release|Any CPU.ActiveCfg = Release|Any CPU
		{EE27B58B-F3B5-46B8-993E-ED0C2898DE94}.Release|Any CPU.Build.0 = Release|Any CPU
	EndGlobalSection
	GlobalSection(SolutionProperties) = preSolution
		HideSolutionNode = FALSE
	EndGlobalSection
	GlobalSection(ExtensibilityGlobals) = postSolution
		SolutionGuid = {7452DB75-48B3-42D6-8E1D-267657B5D987}
	EndGlobalSection
EndGlobal
